
Microsoft Visual Studio Solution File, Format Version 12.00
# Visual Studio 15
VisualStudioVersion = 15.0.27130.2026
MinimumVisualStudioVersion = 10.0.40219.1
Project("{E24C65DC-7377-472B-9ABA-BC803B73C61A}") = "SalesViewer", "..\SalesViewer", "{2A432B28-149F-4BA8-9D9D-E47BF2B7B62D}"
	ProjectSection(WebsiteProperties) = preProject
		SccProjectName = "SAK"
		SccAuxPath = "SAK"
		SccLocalPath = "SAK"
		SccProvider = "SAK"
		TargetFrameworkMoniker = ".NETFramework,Version%3Dv4.0"
		Debug.AspNetCompiler.VirtualPath = "/SalesViewer"
		Debug.AspNetCompiler.PhysicalPath = "..\SalesViewer\"
		Debug.AspNetCompiler.TargetPath = "..\PrecompiledWeb\SalesViewer\"
		Debug.AspNetCompiler.Updateable = "true"
		Debug.AspNetCompiler.ForceOverwrite = "true"
		Debug.AspNetCompiler.FixedNames = "false"
		Debug.AspNetCompiler.Debug = "True"
		Release.AspNetCompiler.VirtualPath = "/SalesViewer"
		Release.AspNetCompiler.PhysicalPath = "..\SalesViewer\"
		Release.AspNetCompiler.TargetPath = "..\PrecompiledWeb\SalesViewer\"
		Release.AspNetCompiler.Updateable = "true"
		Release.AspNetCompiler.ForceOverwrite = "true"
		Release.AspNetCompiler.FixedNames = "false"
		Release.AspNetCompiler.Debug = "False"
		VWDPort = "57928"
		SlnRelativePath = "..\SalesViewer\"
	EndProjectSection
EndProject
Global
	GlobalSection(SolutionConfigurationPlatforms) = preSolution
		Debug|.NET = Debug|.NET
		Debug|Any CPU = Debug|Any CPU
		Release|.NET = Release|.NET
		Release|Any CPU = Release|Any CPU
	EndGlobalSection
	GlobalSection(ProjectConfigurationPlatforms) = postSolution
		{2A432B28-149F-4BA8-9D9D-E47BF2B7B62D}.Debug|.NET.ActiveCfg = Debug|Any CPU
		{2A432B28-149F-4BA8-9D9D-E47BF2B7B62D}.Debug|.NET.Build.0 = Debug|Any CPU
		{2A432B28-149F-4BA8-9D9D-E47BF2B7B62D}.Debug|Any CPU.ActiveCfg = Debug|Any CPU
		{2A432B28-149F-4BA8-9D9D-E47BF2B7B62D}.Debug|Any CPU.Build.0 = Debug|Any CPU
		{2A432B28-149F-4BA8-9D9D-E47BF2B7B62D}.Release|.NET.ActiveCfg = Debug|Any CPU
		{2A432B28-149F-4BA8-9D9D-E47BF2B7B62D}.Release|.NET.Build.0 = Debug|Any CPU
		{2A432B28-149F-4BA8-9D9D-E47BF2B7B62D}.Release|Any CPU.ActiveCfg = Debug|Any CPU
		{2A432B28-149F-4BA8-9D9D-E47BF2B7B62D}.Release|Any CPU.Build.0 = Debug|Any CPU
	EndGlobalSection
	GlobalSection(SolutionProperties) = preSolution
		HideSolutionNode = FALSE
	EndGlobalSection
	GlobalSection(ExtensibilityGlobals) = postSolution
		SolutionGuid = {EC788BE3-02D1-48D4-9C53-63A7E4E12FE7}
	EndGlobalSection
	GlobalSection(TeamFoundationVersionControl) = preSolution
		SccNumberOfProjects = 2
		SccEnterpriseProvider = {4CA58AB2-18FA-4F8D-95D4-32DDF27D184C}
		SccTeamFoundationServer = https://mcy.visualstudio.com/
		SccLocalPath0 = .
		SccWebProject1 = true
		SccProjectUniqueName1 = .
		SccLocalPath1 = .
		SccProjectEnlistmentChoice1 = 2
	EndGlobalSection
EndGlobal
